
Microsoft Visual Studio Solution File, Format Version 11.00
# Visual Studio 2010
Project("{FAE04EC0-301F-11D3-BF4B-00C04F79EFBC}") = "Unity.RenderPipelines.Core.Runtime", "Unity.RenderPipelines.Core.Runtime.csproj", "{19454cf4-fce3-4569-9756-f767a3a21a40}"
EndProject
Project("{FAE04EC0-301F-11D3-BF4B-00C04F79EFBC}") = "Assembly-CSharp", "Assembly-CSharp.csproj", "{06a7a460-e121-3582-1d0d-5da65075d97f}"
EndProject
Project("{FAE04EC0-301F-11D3-BF4B-00C04F79EFBC}") = "Unity.RenderPipelines.Core.ShaderLibrary", "Unity.RenderPipelines.Core.ShaderLibrary.csproj", "{637a8346-6eac-30bd-8d77-6dbf537c5e3a}"
EndProject
Project("{FAE04EC0-301F-11D3-BF4B-00C04F79EFBC}") = "Unity.RenderPipelines.Core.Editor", "Unity.RenderPipelines.Core.Editor.csproj", "{dc814bfb-f7e5-6161-4614-64534f8f2291}"
EndProject
Project("{FAE04EC0-301F-11D3-BF4B-00C04F79EFBC}") = "Assembly-CSharp-Editor", "Assembly-CSharp-Editor.csproj", "{7b24a277-b00b-84cd-ea93-8d0ef4b4fd3a}"
EndProject
Project("{FAE04EC0-301F-11D3-BF4B-00C04F79EFBC}") = "Unity.VSCode.Editor", "Unity.VSCode.Editor.csproj", "{1e9e081b-c5f8-0541-906e-56ab1da06e2b}"
EndProject
Global
	GlobalSection(SolutionConfigurationPlatforms) = preSolution
		Debug|Any CPU = Debug|Any CPU
	EndGlobalSection
	GlobalSection(ProjectConfigurationPlatforms) = postSolution
		{19454cf4-fce3-4569-9756-f767a3a21a40}.Debug|Any CPU.ActiveCfg = Debug|Any CPU
		{19454cf4-fce3-4569-9756-f767a3a21a40}.Debug|Any CPU.Build.0 = Debug|Any CPU
		{06a7a460-e121-3582-1d0d-5da65075d97f}.Debug|Any CPU.ActiveCfg = Debug|Any CPU
		{06a7a460-e121-3582-1d0d-5da65075d97f}.Debug|Any CPU.Build.0 = Debug|Any CPU
		{637a8346-6eac-30bd-8d77-6dbf537c5e3a}.Debug|Any CPU.ActiveCfg = Debug|Any CPU
		{637a8346-6eac-30bd-8d77-6dbf537c5e3a}.Debug|Any CPU.Build.0 = Debug|Any CPU
		{dc814bfb-f7e5-6161-4614-64534f8f2291}.Debug|Any CPU.ActiveCfg = Debug|Any CPU
		{dc814bfb-f7e5-6161-4614-64534f8f2291}.Debug|Any CPU.Build.0 = Debug|Any CPU
		{7b24a277-b00b-84cd-ea93-8d0ef4b4fd3a}.Debug|Any CPU.ActiveCfg = Debug|Any CPU
		{7b24a277-b00b-84cd-ea93-8d0ef4b4fd3a}.Debug|Any CPU.Build.0 = Debug|Any CPU
		{1e9e081b-c5f8-0541-906e-56ab1da06e2b}.Debug|Any CPU.ActiveCfg = Debug|Any CPU
		{1e9e081b-c5f8-0541-906e-56ab1da06e2b}.Debug|Any CPU.Build.0 = Debug|Any CPU
	EndGlobalSection
	GlobalSection(SolutionProperties) = preSolution
		HideSolutionNode = FALSE
	EndGlobalSection
EndGlobal
